
Microsoft Visual Studio Solution File, Format Version 12.00
# Visual Studio Version 17
VisualStudioVersion = 17.10.34607.79
MinimumVisualStudioVersion = 10.0.40219.1
Project("{FAE04EC0-301F-11D3-BF4B-00C04F79EFBC}") = "NagihanAkkus_Lesson5Assignment", "NagihanAkkus_Lesson5Assignment\NagihanAkkus_Lesson5Assignment.csproj", "{149D9F6A-1A46-4E07-AF82-A1168E4ABCC0}"
EndProject
Global
	GlobalSection(SolutionConfigurationPlatforms) = preSolution
		Debug|Any CPU = Debug|Any CPU
		Release|Any CPU = Release|Any CPU
	EndGlobalSection
	GlobalSection(ProjectConfigurationPlatforms) = postSolution
		{149D9F6A-1A46-4E07-AF82-A1168E4ABCC0}.Debug|Any CPU.ActiveCfg = Debug|Any CPU
		{149D9F6A-1A46-4E07-AF82-A1168E4ABCC0}.Debug|Any CPU.Build.0 = Debug|Any CPU
		{149D9F6A-1A46-4E07-AF82-A1168E4ABCC0}.Release|Any CPU.ActiveCfg = Release|Any CPU
		{149D9F6A-1A46-4E07-AF82-A1168E4ABCC0}.Release|Any CPU.Build.0 = Release|Any CPU
	EndGlobalSection
	GlobalSection(SolutionProperties) = preSolution
		HideSolutionNode = FALSE
	EndGlobalSection
	GlobalSection(ExtensibilityGlobals) = postSolution
		SolutionGuid = {55ACB9DD-3BDA-49EF-AF1A-F24E4084F680}
	EndGlobalSection
EndGlobal
